
Microsoft Visual Studio Solution File, Format Version 12.00
# Visual Studio Version 17
VisualStudioVersion = 17.9.34622.214
MinimumVisualStudioVersion = 10.0.40219.1
Project("{9A19103F-16F7-4668-BE54-9A1E7A4F7556}") = "01_Constructor", "01_Constructor\01_Constructor.csproj", "{758A98DF-EE12-45A3-81BB-17F54BA20E93}"
EndProject
Project("{9A19103F-16F7-4668-BE54-9A1E7A4F7556}") = "02_Inheritance", "02_Inheritance\02_Inheritance.csproj", "{E8BB90B1-9307-4C3D-A1D2-B1D56E9D595F}"
EndProject
Project("{9A19103F-16F7-4668-BE54-9A1E7A4F7556}") = "03_AbstractClass", "03_AbstractClass\03_AbstractClass.csproj", "{69CC955F-31DD-44B5-9CAE-D5538583F371}"
EndProject
Project("{9A19103F-16F7-4668-BE54-9A1E7A4F7556}") = "05_StaticClasses", "05_StaticClasses\05_StaticClasses.csproj", "{4FDE5BA6-5E4B-462B-9285-FF19725E6FFB}"
EndProject
Project("{9A19103F-16F7-4668-BE54-9A1E7A4F7556}") = "11_Superheroes", "11_Superheroes\11_Superheroes.csproj", "{D4C288A6-59F5-41C4-9F20-5CC1D5B0F742}"
EndProject
Project("{9A19103F-16F7-4668-BE54-9A1E7A4F7556}") = "04_Interfaces", "04_Interfaces\04_Interfaces.csproj", "{E974DA7F-EE3A-41A4-B8CC-790AE82973D2}"
EndProject
Project("{9A19103F-16F7-4668-BE54-9A1E7A4F7556}") = "12_Jets", "12_Jets\12_Jets.csproj", "{B2371934-E24B-4A4B-929B-B3376BCE1DD3}"
EndProject
Project("{9A19103F-16F7-4668-BE54-9A1E7A4F7556}") = "1. - feladat", "1. - feladat\1. - feladat.csproj", "{E30C2855-8E23-4BE2-BAAA-F59DDFB927E8}"
EndProject
Project("{FAE04EC0-301F-11D3-BF4B-00C04F79EFBC}") = "13_Bank", "13_Bank\13_Bank.csproj", "{4A330F42-960D-49DB-9EAF-BBC232D58F04}"
EndProject
Global
	GlobalSection(SolutionConfigurationPlatforms) = preSolution
		Debug|Any CPU = Debug|Any CPU
		Release|Any CPU = Release|Any CPU
	EndGlobalSection
	GlobalSection(ProjectConfigurationPlatforms) = postSolution
		{758A98DF-EE12-45A3-81BB-17F54BA20E93}.Debug|Any CPU.ActiveCfg = Debug|Any CPU
		{758A98DF-EE12-45A3-81BB-17F54BA20E93}.Debug|Any CPU.Build.0 = Debug|Any CPU
		{758A98DF-EE12-45A3-81BB-17F54BA20E93}.Release|Any CPU.ActiveCfg = Release|Any CPU
		{758A98DF-EE12-45A3-81BB-17F54BA20E93}.Release|Any CPU.Build.0 = Release|Any CPU
		{E8BB90B1-9307-4C3D-A1D2-B1D56E9D595F}.Debug|Any CPU.ActiveCfg = Debug|Any CPU
		{E8BB90B1-9307-4C3D-A1D2-B1D56E9D595F}.Debug|Any CPU.Build.0 = Debug|Any CPU
		{E8BB90B1-9307-4C3D-A1D2-B1D56E9D595F}.Release|Any CPU.ActiveCfg = Release|Any CPU
		{E8BB90B1-9307-4C3D-A1D2-B1D56E9D595F}.Release|Any CPU.Build.0 = Release|Any CPU
		{69CC955F-31DD-44B5-9CAE-D5538583F371}.Debug|Any CPU.ActiveCfg = Debug|Any CPU
		{69CC955F-31DD-44B5-9CAE-D5538583F371}.Debug|Any CPU.Build.0 = Debug|Any CPU
		{69CC955F-31DD-44B5-9CAE-D5538583F371}.Release|Any CPU.ActiveCfg = Release|Any CPU
		{69CC955F-31DD-44B5-9CAE-D5538583F371}.Release|Any CPU.Build.0 = Release|Any CPU
		{4FDE5BA6-5E4B-462B-9285-FF19725E6FFB}.Debug|Any CPU.ActiveCfg = Debug|Any CPU
		{4FDE5BA6-5E4B-462B-9285-FF19725E6FFB}.Debug|Any CPU.Build.0 = Debug|Any CPU
		{4FDE5BA6-5E4B-462B-9285-FF19725E6FFB}.Release|Any CPU.ActiveCfg = Release|Any CPU
		{4FDE5BA6-5E4B-462B-9285-FF19725E6FFB}.Release|Any CPU.Build.0 = Release|Any CPU
		{D4C288A6-59F5-41C4-9F20-5CC1D5B0F742}.Debug|Any CPU.ActiveCfg = Debug|Any CPU
		{D4C288A6-59F5-41C4-9F20-5CC1D5B0F742}.Debug|Any CPU.Build.0 = Debug|Any CPU
		{D4C288A6-59F5-41C4-9F20-5CC1D5B0F742}.Release|Any CPU.ActiveCfg = Release|Any CPU
		{D4C288A6-59F5-41C4-9F20-5CC1D5B0F742}.Release|Any CPU.Build.0 = Release|Any CPU
		{E974DA7F-EE3A-41A4-B8CC-790AE82973D2}.Debug|Any CPU.ActiveCfg = Debug|Any CPU
		{E974DA7F-EE3A-41A4-B8CC-790AE82973D2}.Debug|Any CPU.Build.0 = Debug|Any CPU
		{E974DA7F-EE3A-41A4-B8CC-790AE82973D2}.Release|Any CPU.ActiveCfg = Release|Any CPU
		{E974DA7F-EE3A-41A4-B8CC-790AE82973D2}.Release|Any CPU.Build.0 = Release|Any CPU
		{B2371934-E24B-4A4B-929B-B3376BCE1DD3}.Debug|Any CPU.ActiveCfg = Debug|Any CPU
		{B2371934-E24B-4A4B-929B-B3376BCE1DD3}.Debug|Any CPU.Build.0 = Debug|Any CPU
		{B2371934-E24B-4A4B-929B-B3376BCE1DD3}.Release|Any CPU.ActiveCfg = Release|Any CPU
		{B2371934-E24B-4A4B-929B-B3376BCE1DD3}.Release|Any CPU.Build.0 = Release|Any CPU
		{E30C2855-8E23-4BE2-BAAA-F59DDFB927E8}.Debug|Any CPU.ActiveCfg = Debug|Any CPU
		{E30C2855-8E23-4BE2-BAAA-F59DDFB927E8}.Debug|Any CPU.Build.0 = Debug|Any CPU
		{E30C2855-8E23-4BE2-BAAA-F59DDFB927E8}.Release|Any CPU.ActiveCfg = Release|Any CPU
		{E30C2855-8E23-4BE2-BAAA-F59DDFB927E8}.Release|Any CPU.Build.0 = Release|Any CPU
		{4A330F42-960D-49DB-9EAF-BBC232D58F04}.Debug|Any CPU.ActiveCfg = Debug|Any CPU
		{4A330F42-960D-49DB-9EAF-BBC232D58F04}.Debug|Any CPU.Build.0 = Debug|Any CPU
		{4A330F42-960D-49DB-9EAF-BBC232D58F04}.Release|Any CPU.ActiveCfg = Release|Any CPU
		{4A330F42-960D-49DB-9EAF-BBC232D58F04}.Release|Any CPU.Build.0 = Release|Any CPU
	EndGlobalSection
	GlobalSection(SolutionProperties) = preSolution
		HideSolutionNode = FALSE
	EndGlobalSection
	GlobalSection(ExtensibilityGlobals) = postSolution
		SolutionGuid = {C49D576D-AE90-440B-95AA-B97CD23612D2}
	EndGlobalSection
EndGlobal
