
Microsoft Visual Studio Solution File, Format Version 12.00
# Visual Studio Version 17
VisualStudioVersion = 17.8.34309.116
MinimumVisualStudioVersion = 10.0.40219.1
Project("{FAE04EC0-301F-11D3-BF4B-00C04F79EFBC}") = "Custom.Library", "Custom.Library\Custom.Library.csproj", "{79FFBB15-DBDF-4874-B4F0-92B4570ED314}"
EndProject
Project("{FAE04EC0-301F-11D3-BF4B-00C04F79EFBC}") = "Feladat_01", "Feladat_01\Feladat_01.csproj", "{3B3C332E-F768-444F-A79F-0CDF6A4A1DB2}"
EndProject
Global
	GlobalSection(SolutionConfigurationPlatforms) = preSolution
		Debug|Any CPU = Debug|Any CPU
		Release|Any CPU = Release|Any CPU
	EndGlobalSection
	GlobalSection(ProjectConfigurationPlatforms) = postSolution
		{79FFBB15-DBDF-4874-B4F0-92B4570ED314}.Debug|Any CPU.ActiveCfg = Debug|Any CPU
		{79FFBB15-DBDF-4874-B4F0-92B4570ED314}.Debug|Any CPU.Build.0 = Debug|Any CPU
		{79FFBB15-DBDF-4874-B4F0-92B4570ED314}.Release|Any CPU.ActiveCfg = Release|Any CPU
		{79FFBB15-DBDF-4874-B4F0-92B4570ED314}.Release|Any CPU.Build.0 = Release|Any CPU
		{3B3C332E-F768-444F-A79F-0CDF6A4A1DB2}.Debug|Any CPU.ActiveCfg = Debug|Any CPU
		{3B3C332E-F768-444F-A79F-0CDF6A4A1DB2}.Debug|Any CPU.Build.0 = Debug|Any CPU
		{3B3C332E-F768-444F-A79F-0CDF6A4A1DB2}.Release|Any CPU.ActiveCfg = Release|Any CPU
		{3B3C332E-F768-444F-A79F-0CDF6A4A1DB2}.Release|Any CPU.Build.0 = Release|Any CPU
	EndGlobalSection
	GlobalSection(SolutionProperties) = preSolution
		HideSolutionNode = FALSE
	EndGlobalSection
	GlobalSection(ExtensibilityGlobals) = postSolution
		SolutionGuid = {47352BF5-E99A-40E4-B69F-8D760F7AE029}
	EndGlobalSection
EndGlobal
