
Microsoft Visual Studio Solution File, Format Version 12.00
# Visual Studio Version 17
VisualStudioVersion = 17.9.34616.47
MinimumVisualStudioVersion = 10.0.40219.1
Project("{9A19103F-16F7-4668-BE54-9A1E7A4F7556}") = "HttpServices", "HttpServices\HttpServices.csproj", "{2E5B6194-8B63-4373-894C-570153EA5939}"
EndProject
Project("{9A19103F-16F7-4668-BE54-9A1E7A4F7556}") = "BeerApp", "BeerApp\BeerApp.csproj", "{7F064CF5-B974-4928-82C9-53899C58286F}"
EndProject
Project("{9A19103F-16F7-4668-BE54-9A1E7A4F7556}") = "Models", "Models\Models.csproj", "{F27EA041-8A94-4EAD-AA4D-138E5EBEE04B}"
EndProject
Project("{9A19103F-16F7-4668-BE54-9A1E7A4F7556}") = "Custom.Library", "Custom.Library\Custom.Library.csproj", "{CED24B38-00B5-4DC6-9BF1-31143BA2A4F9}"
EndProject
Global
	GlobalSection(SolutionConfigurationPlatforms) = preSolution
		Debug|Any CPU = Debug|Any CPU
		Release|Any CPU = Release|Any CPU
	EndGlobalSection
	GlobalSection(ProjectConfigurationPlatforms) = postSolution
		{2E5B6194-8B63-4373-894C-570153EA5939}.Debug|Any CPU.ActiveCfg = Debug|Any CPU
		{2E5B6194-8B63-4373-894C-570153EA5939}.Debug|Any CPU.Build.0 = Debug|Any CPU
		{2E5B6194-8B63-4373-894C-570153EA5939}.Release|Any CPU.ActiveCfg = Release|Any CPU
		{2E5B6194-8B63-4373-894C-570153EA5939}.Release|Any CPU.Build.0 = Release|Any CPU
		{7F064CF5-B974-4928-82C9-53899C58286F}.Debug|Any CPU.ActiveCfg = Debug|Any CPU
		{7F064CF5-B974-4928-82C9-53899C58286F}.Debug|Any CPU.Build.0 = Debug|Any CPU
		{7F064CF5-B974-4928-82C9-53899C58286F}.Release|Any CPU.ActiveCfg = Release|Any CPU
		{7F064CF5-B974-4928-82C9-53899C58286F}.Release|Any CPU.Build.0 = Release|Any CPU
		{F27EA041-8A94-4EAD-AA4D-138E5EBEE04B}.Debug|Any CPU.ActiveCfg = Debug|Any CPU
		{F27EA041-8A94-4EAD-AA4D-138E5EBEE04B}.Debug|Any CPU.Build.0 = Debug|Any CPU
		{F27EA041-8A94-4EAD-AA4D-138E5EBEE04B}.Release|Any CPU.ActiveCfg = Release|Any CPU
		{F27EA041-8A94-4EAD-AA4D-138E5EBEE04B}.Release|Any CPU.Build.0 = Release|Any CPU
		{CED24B38-00B5-4DC6-9BF1-31143BA2A4F9}.Debug|Any CPU.ActiveCfg = Debug|Any CPU
		{CED24B38-00B5-4DC6-9BF1-31143BA2A4F9}.Debug|Any CPU.Build.0 = Debug|Any CPU
		{CED24B38-00B5-4DC6-9BF1-31143BA2A4F9}.Release|Any CPU.ActiveCfg = Release|Any CPU
		{CED24B38-00B5-4DC6-9BF1-31143BA2A4F9}.Release|Any CPU.Build.0 = Release|Any CPU
	EndGlobalSection
	GlobalSection(SolutionProperties) = preSolution
		HideSolutionNode = FALSE
	EndGlobalSection
	GlobalSection(ExtensibilityGlobals) = postSolution
		SolutionGuid = {7CB83D6D-9EEF-4D4B-BBCC-E4168117B978}
	EndGlobalSection
EndGlobal
