
Microsoft Visual Studio Solution File, Format Version 12.00
# Visual Studio Version 17
VisualStudioVersion = 17.7.34003.232
MinimumVisualStudioVersion = 10.0.40219.1
Project("{9A19103F-16F7-4668-BE54-9A1E7A4F7556}") = "Feladat_01", "Feladat_01\Feladat_01.csproj", "{5A1F5D6C-9D3D-40E5-B98C-0BB881CCFF0F}"
EndProject
Project("{9A19103F-16F7-4668-BE54-9A1E7A4F7556}") = "Feladat_02", "Feladat_02\Feladat_02.csproj", "{30CFC73C-E162-4E1A-BA6D-FD7A1FE35326}"
EndProject
Project("{9A19103F-16F7-4668-BE54-9A1E7A4F7556}") = "Feladat_03", "Feladat_03\Feladat_03.csproj", "{6AB957C4-EEBA-4D28-A00F-ED03244D6A5B}"
EndProject
Project("{9A19103F-16F7-4668-BE54-9A1E7A4F7556}") = "Feladat_04", "Feladat_04\Feladat_04.csproj", "{F59D3BE5-4C1A-4F75-9DB8-264F4AEA5842}"
EndProject
Project("{FAE04EC0-301F-11D3-BF4B-00C04F79EFBC}") = "Feladat_05", "Feladat_05\Feladat_05.csproj", "{B86E1EC9-DB60-42A6-9C0A-187D367005C9}"
EndProject
Global
	GlobalSection(SolutionConfigurationPlatforms) = preSolution
		Debug|Any CPU = Debug|Any CPU
		Release|Any CPU = Release|Any CPU
	EndGlobalSection
	GlobalSection(ProjectConfigurationPlatforms) = postSolution
		{5A1F5D6C-9D3D-40E5-B98C-0BB881CCFF0F}.Debug|Any CPU.ActiveCfg = Debug|Any CPU
		{5A1F5D6C-9D3D-40E5-B98C-0BB881CCFF0F}.Debug|Any CPU.Build.0 = Debug|Any CPU
		{5A1F5D6C-9D3D-40E5-B98C-0BB881CCFF0F}.Release|Any CPU.ActiveCfg = Release|Any CPU
		{5A1F5D6C-9D3D-40E5-B98C-0BB881CCFF0F}.Release|Any CPU.Build.0 = Release|Any CPU
		{30CFC73C-E162-4E1A-BA6D-FD7A1FE35326}.Debug|Any CPU.ActiveCfg = Debug|Any CPU
		{30CFC73C-E162-4E1A-BA6D-FD7A1FE35326}.Debug|Any CPU.Build.0 = Debug|Any CPU
		{30CFC73C-E162-4E1A-BA6D-FD7A1FE35326}.Release|Any CPU.ActiveCfg = Release|Any CPU
		{30CFC73C-E162-4E1A-BA6D-FD7A1FE35326}.Release|Any CPU.Build.0 = Release|Any CPU
		{6AB957C4-EEBA-4D28-A00F-ED03244D6A5B}.Debug|Any CPU.ActiveCfg = Debug|Any CPU
		{6AB957C4-EEBA-4D28-A00F-ED03244D6A5B}.Debug|Any CPU.Build.0 = Debug|Any CPU
		{6AB957C4-EEBA-4D28-A00F-ED03244D6A5B}.Release|Any CPU.ActiveCfg = Release|Any CPU
		{6AB957C4-EEBA-4D28-A00F-ED03244D6A5B}.Release|Any CPU.Build.0 = Release|Any CPU
		{F59D3BE5-4C1A-4F75-9DB8-264F4AEA5842}.Debug|Any CPU.ActiveCfg = Debug|Any CPU
		{F59D3BE5-4C1A-4F75-9DB8-264F4AEA5842}.Debug|Any CPU.Build.0 = Debug|Any CPU
		{F59D3BE5-4C1A-4F75-9DB8-264F4AEA5842}.Release|Any CPU.ActiveCfg = Release|Any CPU
		{F59D3BE5-4C1A-4F75-9DB8-264F4AEA5842}.Release|Any CPU.Build.0 = Release|Any CPU
		{B86E1EC9-DB60-42A6-9C0A-187D367005C9}.Debug|Any CPU.ActiveCfg = Debug|Any CPU
		{B86E1EC9-DB60-42A6-9C0A-187D367005C9}.Debug|Any CPU.Build.0 = Debug|Any CPU
		{B86E1EC9-DB60-42A6-9C0A-187D367005C9}.Release|Any CPU.ActiveCfg = Release|Any CPU
		{B86E1EC9-DB60-42A6-9C0A-187D367005C9}.Release|Any CPU.Build.0 = Release|Any CPU
	EndGlobalSection
	GlobalSection(SolutionProperties) = preSolution
		HideSolutionNode = FALSE
	EndGlobalSection
	GlobalSection(ExtensibilityGlobals) = postSolution
		SolutionGuid = {18A4580A-A9C6-43AB-9A5C-5081A2E31ED0}
	EndGlobalSection
EndGlobal
