
Microsoft Visual Studio Solution File, Format Version 12.00
# Visual Studio Version 17
VisualStudioVersion = 17.7.34003.232
MinimumVisualStudioVersion = 10.0.40219.1
Project("{9A19103F-16F7-4668-BE54-9A1E7A4F7556}") = "Feladat_1.1", "Feladat_1.1\Feladat_1.1.csproj", "{A8467AC2-7E4D-43C2-8602-C74A642217B2}"
EndProject
Project("{9A19103F-16F7-4668-BE54-9A1E7A4F7556}") = "Feladat_1.2", "Feladat_1.2\Feladat_1.2.csproj", "{F42AE917-BD1E-42FC-B22E-5BBABAFC7ED9}"
EndProject
Project("{9A19103F-16F7-4668-BE54-9A1E7A4F7556}") = "Feladat_2.1", "Feladat_2.1\Feladat_2.1.csproj", "{B7D89EB0-6DF0-473C-A752-BCA43AA8D3EB}"
EndProject
Project("{9A19103F-16F7-4668-BE54-9A1E7A4F7556}") = "Feladat_2.2", "Feladat_2.2\Feladat_2.2.csproj", "{1DA96439-A4A7-445B-826E-6CC6E1D1C809}"
EndProject
Project("{9A19103F-16F7-4668-BE54-9A1E7A4F7556}") = "Feladat_3.1", "Feladat_3.1\Feladat_3.1.csproj", "{60C75AD4-3542-4EA0-A1C0-4D3E90E025DA}"
EndProject
Project("{9A19103F-16F7-4668-BE54-9A1E7A4F7556}") = "Feladat_3.2", "Feladat_3.2\Feladat_3.2.csproj", "{E51BFC50-1D69-433B-B354-41E4C98F4228}"
EndProject
Project("{9A19103F-16F7-4668-BE54-9A1E7A4F7556}") = "Feladat_4.1", "Feladat_4.1\Feladat_4.1.csproj", "{36C9BA53-1EBA-4C48-B39F-5CF90EF9D414}"
EndProject
Project("{9A19103F-16F7-4668-BE54-9A1E7A4F7556}") = "Feladat_4.2", "Feladat_4.2\Feladat_4.2.csproj", "{D3C50C5F-0022-4D86-B106-CBC74BC2CF67}"
EndProject
Project("{FAE04EC0-301F-11D3-BF4B-00C04F79EFBC}") = "Feladat_5.1", "Feladat_5.1\Feladat_5.1.csproj", "{E6BA0C9D-7BAD-42ED-B89D-4941AF8A9CEB}"
EndProject
Project("{FAE04EC0-301F-11D3-BF4B-00C04F79EFBC}") = "Feladat_5.2", "Feladat_5.2\Feladat_5.2.csproj", "{41CDD432-681D-4779-9EE0-B66CB8A2FE00}"
EndProject
Project("{FAE04EC0-301F-11D3-BF4B-00C04F79EFBC}") = "Feladat_6.1", "Feladat_6.1\Feladat_6.1.csproj", "{7BE2D1DC-14F4-4DF6-8182-E814ACDAA0F2}"
EndProject
Project("{FAE04EC0-301F-11D3-BF4B-00C04F79EFBC}") = "Feladat_6.2", "Feladat_6.2\Feladat_6.2.csproj", "{0B19BCE4-DCEC-47FF-BC8D-E0A498714574}"
EndProject
Global
	GlobalSection(SolutionConfigurationPlatforms) = preSolution
		Debug|Any CPU = Debug|Any CPU
		Release|Any CPU = Release|Any CPU
	EndGlobalSection
	GlobalSection(ProjectConfigurationPlatforms) = postSolution
		{A8467AC2-7E4D-43C2-8602-C74A642217B2}.Debug|Any CPU.ActiveCfg = Debug|Any CPU
		{A8467AC2-7E4D-43C2-8602-C74A642217B2}.Debug|Any CPU.Build.0 = Debug|Any CPU
		{A8467AC2-7E4D-43C2-8602-C74A642217B2}.Release|Any CPU.ActiveCfg = Release|Any CPU
		{A8467AC2-7E4D-43C2-8602-C74A642217B2}.Release|Any CPU.Build.0 = Release|Any CPU
		{F42AE917-BD1E-42FC-B22E-5BBABAFC7ED9}.Debug|Any CPU.ActiveCfg = Debug|Any CPU
		{F42AE917-BD1E-42FC-B22E-5BBABAFC7ED9}.Debug|Any CPU.Build.0 = Debug|Any CPU
		{F42AE917-BD1E-42FC-B22E-5BBABAFC7ED9}.Release|Any CPU.ActiveCfg = Release|Any CPU
		{F42AE917-BD1E-42FC-B22E-5BBABAFC7ED9}.Release|Any CPU.Build.0 = Release|Any CPU
		{B7D89EB0-6DF0-473C-A752-BCA43AA8D3EB}.Debug|Any CPU.ActiveCfg = Debug|Any CPU
		{B7D89EB0-6DF0-473C-A752-BCA43AA8D3EB}.Debug|Any CPU.Build.0 = Debug|Any CPU
		{B7D89EB0-6DF0-473C-A752-BCA43AA8D3EB}.Release|Any CPU.ActiveCfg = Release|Any CPU
		{B7D89EB0-6DF0-473C-A752-BCA43AA8D3EB}.Release|Any CPU.Build.0 = Release|Any CPU
		{1DA96439-A4A7-445B-826E-6CC6E1D1C809}.Debug|Any CPU.ActiveCfg = Debug|Any CPU
		{1DA96439-A4A7-445B-826E-6CC6E1D1C809}.Debug|Any CPU.Build.0 = Debug|Any CPU
		{1DA96439-A4A7-445B-826E-6CC6E1D1C809}.Release|Any CPU.ActiveCfg = Release|Any CPU
		{1DA96439-A4A7-445B-826E-6CC6E1D1C809}.Release|Any CPU.Build.0 = Release|Any CPU
		{60C75AD4-3542-4EA0-A1C0-4D3E90E025DA}.Debug|Any CPU.ActiveCfg = Debug|Any CPU
		{60C75AD4-3542-4EA0-A1C0-4D3E90E025DA}.Debug|Any CPU.Build.0 = Debug|Any CPU
		{60C75AD4-3542-4EA0-A1C0-4D3E90E025DA}.Release|Any CPU.ActiveCfg = Release|Any CPU
		{60C75AD4-3542-4EA0-A1C0-4D3E90E025DA}.Release|Any CPU.Build.0 = Release|Any CPU
		{E51BFC50-1D69-433B-B354-41E4C98F4228}.Debug|Any CPU.ActiveCfg = Debug|Any CPU
		{E51BFC50-1D69-433B-B354-41E4C98F4228}.Debug|Any CPU.Build.0 = Debug|Any CPU
		{E51BFC50-1D69-433B-B354-41E4C98F4228}.Release|Any CPU.ActiveCfg = Release|Any CPU
		{E51BFC50-1D69-433B-B354-41E4C98F4228}.Release|Any CPU.Build.0 = Release|Any CPU
		{36C9BA53-1EBA-4C48-B39F-5CF90EF9D414}.Debug|Any CPU.ActiveCfg = Debug|Any CPU
		{36C9BA53-1EBA-4C48-B39F-5CF90EF9D414}.Debug|Any CPU.Build.0 = Debug|Any CPU
		{36C9BA53-1EBA-4C48-B39F-5CF90EF9D414}.Release|Any CPU.ActiveCfg = Release|Any CPU
		{36C9BA53-1EBA-4C48-B39F-5CF90EF9D414}.Release|Any CPU.Build.0 = Release|Any CPU
		{D3C50C5F-0022-4D86-B106-CBC74BC2CF67}.Debug|Any CPU.ActiveCfg = Debug|Any CPU
		{D3C50C5F-0022-4D86-B106-CBC74BC2CF67}.Debug|Any CPU.Build.0 = Debug|Any CPU
		{D3C50C5F-0022-4D86-B106-CBC74BC2CF67}.Release|Any CPU.ActiveCfg = Release|Any CPU
		{D3C50C5F-0022-4D86-B106-CBC74BC2CF67}.Release|Any CPU.Build.0 = Release|Any CPU
		{E6BA0C9D-7BAD-42ED-B89D-4941AF8A9CEB}.Debug|Any CPU.ActiveCfg = Debug|Any CPU
		{E6BA0C9D-7BAD-42ED-B89D-4941AF8A9CEB}.Debug|Any CPU.Build.0 = Debug|Any CPU
		{E6BA0C9D-7BAD-42ED-B89D-4941AF8A9CEB}.Release|Any CPU.ActiveCfg = Release|Any CPU
		{E6BA0C9D-7BAD-42ED-B89D-4941AF8A9CEB}.Release|Any CPU.Build.0 = Release|Any CPU
		{41CDD432-681D-4779-9EE0-B66CB8A2FE00}.Debug|Any CPU.ActiveCfg = Debug|Any CPU
		{41CDD432-681D-4779-9EE0-B66CB8A2FE00}.Debug|Any CPU.Build.0 = Debug|Any CPU
		{41CDD432-681D-4779-9EE0-B66CB8A2FE00}.Release|Any CPU.ActiveCfg = Release|Any CPU
		{41CDD432-681D-4779-9EE0-B66CB8A2FE00}.Release|Any CPU.Build.0 = Release|Any CPU
		{7BE2D1DC-14F4-4DF6-8182-E814ACDAA0F2}.Debug|Any CPU.ActiveCfg = Debug|Any CPU
		{7BE2D1DC-14F4-4DF6-8182-E814ACDAA0F2}.Debug|Any CPU.Build.0 = Debug|Any CPU
		{7BE2D1DC-14F4-4DF6-8182-E814ACDAA0F2}.Release|Any CPU.ActiveCfg = Release|Any CPU
		{7BE2D1DC-14F4-4DF6-8182-E814ACDAA0F2}.Release|Any CPU.Build.0 = Release|Any CPU
		{0B19BCE4-DCEC-47FF-BC8D-E0A498714574}.Debug|Any CPU.ActiveCfg = Debug|Any CPU
		{0B19BCE4-DCEC-47FF-BC8D-E0A498714574}.Debug|Any CPU.Build.0 = Debug|Any CPU
		{0B19BCE4-DCEC-47FF-BC8D-E0A498714574}.Release|Any CPU.ActiveCfg = Release|Any CPU
		{0B19BCE4-DCEC-47FF-BC8D-E0A498714574}.Release|Any CPU.Build.0 = Release|Any CPU
	EndGlobalSection
	GlobalSection(SolutionProperties) = preSolution
		HideSolutionNode = FALSE
	EndGlobalSection
	GlobalSection(ExtensibilityGlobals) = postSolution
		SolutionGuid = {3FE1CE46-70D5-439B-BF2C-6FCF771E8EBF}
	EndGlobalSection
EndGlobal
