
Microsoft Visual Studio Solution File, Format Version 12.00
# Visual Studio Version 17
VisualStudioVersion = 17.7.34003.232
MinimumVisualStudioVersion = 10.0.40219.1
Project("{9A19103F-16F7-4668-BE54-9A1E7A4F7556}") = "Feladat_00", "Feladat_00\Feladat_00.csproj", "{3B29D937-8629-4B30-AED7-641225523921}"
EndProject
Project("{FAE04EC0-301F-11D3-BF4B-00C04F79EFBC}") = "Feladat_01", "Feladat_01\Feladat_01.csproj", "{607E6F31-BAF3-49A3-9270-7A2299F16943}"
EndProject
Global
	GlobalSection(SolutionConfigurationPlatforms) = preSolution
		Debug|Any CPU = Debug|Any CPU
		Release|Any CPU = Release|Any CPU
	EndGlobalSection
	GlobalSection(ProjectConfigurationPlatforms) = postSolution
		{3B29D937-8629-4B30-AED7-641225523921}.Debug|Any CPU.ActiveCfg = Debug|Any CPU
		{3B29D937-8629-4B30-AED7-641225523921}.Debug|Any CPU.Build.0 = Debug|Any CPU
		{3B29D937-8629-4B30-AED7-641225523921}.Release|Any CPU.ActiveCfg = Release|Any CPU
		{3B29D937-8629-4B30-AED7-641225523921}.Release|Any CPU.Build.0 = Release|Any CPU
		{607E6F31-BAF3-49A3-9270-7A2299F16943}.Debug|Any CPU.ActiveCfg = Debug|Any CPU
		{607E6F31-BAF3-49A3-9270-7A2299F16943}.Debug|Any CPU.Build.0 = Debug|Any CPU
		{607E6F31-BAF3-49A3-9270-7A2299F16943}.Release|Any CPU.ActiveCfg = Release|Any CPU
		{607E6F31-BAF3-49A3-9270-7A2299F16943}.Release|Any CPU.Build.0 = Release|Any CPU
	EndGlobalSection
	GlobalSection(SolutionProperties) = preSolution
		HideSolutionNode = FALSE
	EndGlobalSection
	GlobalSection(ExtensibilityGlobals) = postSolution
		SolutionGuid = {69852B61-9246-4D8B-9EB3-D0F96F5EDAB6}
	EndGlobalSection
EndGlobal
