
Microsoft Visual Studio Solution File, Format Version 12.00
# Visual Studio Version 17
VisualStudioVersion = 17.7.34003.232
MinimumVisualStudioVersion = 10.0.40219.1
Project("{9A19103F-16F7-4668-BE54-9A1E7A4F7556}") = "Feladat_00", "Feladat_00\Feladat_00.csproj", "{F238B071-1CDB-42F6-80D0-1F7EAF8A77AD}"
EndProject
Project("{9A19103F-16F7-4668-BE54-9A1E7A4F7556}") = "IOLibrary", "IOLibrary\IOLibrary.csproj", "{908C31F8-6A78-46E0-9949-85CEFF4CC149}"
EndProject
Project("{9A19103F-16F7-4668-BE54-9A1E7A4F7556}") = "CustomLibrary", "CustomLibrary\CustomLibrary.csproj", "{9FECE430-6DEF-4687-A44C-94489B5ED08E}"
EndProject
Project("{9A19103F-16F7-4668-BE54-9A1E7A4F7556}") = "Feladat_01", "Feladat_01\Feladat_01.csproj", "{6F948643-1D0C-43A6-BFC0-AE50BE67AC45}"
EndProject
Project("{9A19103F-16F7-4668-BE54-9A1E7A4F7556}") = "Feladat_02", "Feladat_02\Feladat_02.csproj", "{B9F10078-784E-425A-839B-D5D6431C068B}"
EndProject
Project("{9A19103F-16F7-4668-BE54-9A1E7A4F7556}") = "Feladat_03", "Feladat_03\Feladat_03.csproj", "{E468DC10-2909-4C2A-BE8F-2AFD8681E2F6}"
EndProject
Project("{9A19103F-16F7-4668-BE54-9A1E7A4F7556}") = "Feladat_04", "Feladat_04\Feladat_04.csproj", "{1C298A1A-09A5-40E1-95BA-F85EF306F827}"
EndProject
Project("{9A19103F-16F7-4668-BE54-9A1E7A4F7556}") = "Feladat_06", "Feladat_06\Feladat_06.csproj", "{2365F410-5226-4571-85FD-84F4E9F1A2D7}"
EndProject
Project("{9A19103F-16F7-4668-BE54-9A1E7A4F7556}") = "Feladat_09", "Feladat_09\Feladat_09.csproj", "{BCA7EF2D-D24A-4C22-89C3-EB4A243D8721}"
EndProject
Project("{9A19103F-16F7-4668-BE54-9A1E7A4F7556}") = "Feladat_08", "Feladat_08\Feladat_08.csproj", "{3A32B26E-0C25-479F-B16B-CEB235DA1797}"
EndProject
Project("{FAE04EC0-301F-11D3-BF4B-00C04F79EFBC}") = "Feladat_11", "Feladat_11\Feladat_11.csproj", "{0BF4FD50-519C-43D0-B9BC-01B5EC656B69}"
EndProject
Global
	GlobalSection(SolutionConfigurationPlatforms) = preSolution
		Debug|Any CPU = Debug|Any CPU
		Release|Any CPU = Release|Any CPU
	EndGlobalSection
	GlobalSection(ProjectConfigurationPlatforms) = postSolution
		{F238B071-1CDB-42F6-80D0-1F7EAF8A77AD}.Debug|Any CPU.ActiveCfg = Debug|Any CPU
		{F238B071-1CDB-42F6-80D0-1F7EAF8A77AD}.Debug|Any CPU.Build.0 = Debug|Any CPU
		{F238B071-1CDB-42F6-80D0-1F7EAF8A77AD}.Release|Any CPU.ActiveCfg = Release|Any CPU
		{F238B071-1CDB-42F6-80D0-1F7EAF8A77AD}.Release|Any CPU.Build.0 = Release|Any CPU
		{908C31F8-6A78-46E0-9949-85CEFF4CC149}.Debug|Any CPU.ActiveCfg = Debug|Any CPU
		{908C31F8-6A78-46E0-9949-85CEFF4CC149}.Debug|Any CPU.Build.0 = Debug|Any CPU
		{908C31F8-6A78-46E0-9949-85CEFF4CC149}.Release|Any CPU.ActiveCfg = Release|Any CPU
		{908C31F8-6A78-46E0-9949-85CEFF4CC149}.Release|Any CPU.Build.0 = Release|Any CPU
		{9FECE430-6DEF-4687-A44C-94489B5ED08E}.Debug|Any CPU.ActiveCfg = Debug|Any CPU
		{9FECE430-6DEF-4687-A44C-94489B5ED08E}.Debug|Any CPU.Build.0 = Debug|Any CPU
		{9FECE430-6DEF-4687-A44C-94489B5ED08E}.Release|Any CPU.ActiveCfg = Release|Any CPU
		{9FECE430-6DEF-4687-A44C-94489B5ED08E}.Release|Any CPU.Build.0 = Release|Any CPU
		{6F948643-1D0C-43A6-BFC0-AE50BE67AC45}.Debug|Any CPU.ActiveCfg = Debug|Any CPU
		{6F948643-1D0C-43A6-BFC0-AE50BE67AC45}.Debug|Any CPU.Build.0 = Debug|Any CPU
		{6F948643-1D0C-43A6-BFC0-AE50BE67AC45}.Release|Any CPU.ActiveCfg = Release|Any CPU
		{6F948643-1D0C-43A6-BFC0-AE50BE67AC45}.Release|Any CPU.Build.0 = Release|Any CPU
		{B9F10078-784E-425A-839B-D5D6431C068B}.Debug|Any CPU.ActiveCfg = Debug|Any CPU
		{B9F10078-784E-425A-839B-D5D6431C068B}.Debug|Any CPU.Build.0 = Debug|Any CPU
		{B9F10078-784E-425A-839B-D5D6431C068B}.Release|Any CPU.ActiveCfg = Release|Any CPU
		{B9F10078-784E-425A-839B-D5D6431C068B}.Release|Any CPU.Build.0 = Release|Any CPU
		{E468DC10-2909-4C2A-BE8F-2AFD8681E2F6}.Debug|Any CPU.ActiveCfg = Debug|Any CPU
		{E468DC10-2909-4C2A-BE8F-2AFD8681E2F6}.Debug|Any CPU.Build.0 = Debug|Any CPU
		{E468DC10-2909-4C2A-BE8F-2AFD8681E2F6}.Release|Any CPU.ActiveCfg = Release|Any CPU
		{E468DC10-2909-4C2A-BE8F-2AFD8681E2F6}.Release|Any CPU.Build.0 = Release|Any CPU
		{1C298A1A-09A5-40E1-95BA-F85EF306F827}.Debug|Any CPU.ActiveCfg = Debug|Any CPU
		{1C298A1A-09A5-40E1-95BA-F85EF306F827}.Debug|Any CPU.Build.0 = Debug|Any CPU
		{1C298A1A-09A5-40E1-95BA-F85EF306F827}.Release|Any CPU.ActiveCfg = Release|Any CPU
		{1C298A1A-09A5-40E1-95BA-F85EF306F827}.Release|Any CPU.Build.0 = Release|Any CPU
		{2365F410-5226-4571-85FD-84F4E9F1A2D7}.Debug|Any CPU.ActiveCfg = Debug|Any CPU
		{2365F410-5226-4571-85FD-84F4E9F1A2D7}.Debug|Any CPU.Build.0 = Debug|Any CPU
		{2365F410-5226-4571-85FD-84F4E9F1A2D7}.Release|Any CPU.ActiveCfg = Release|Any CPU
		{2365F410-5226-4571-85FD-84F4E9F1A2D7}.Release|Any CPU.Build.0 = Release|Any CPU
		{BCA7EF2D-D24A-4C22-89C3-EB4A243D8721}.Debug|Any CPU.ActiveCfg = Debug|Any CPU
		{BCA7EF2D-D24A-4C22-89C3-EB4A243D8721}.Debug|Any CPU.Build.0 = Debug|Any CPU
		{BCA7EF2D-D24A-4C22-89C3-EB4A243D8721}.Release|Any CPU.ActiveCfg = Release|Any CPU
		{BCA7EF2D-D24A-4C22-89C3-EB4A243D8721}.Release|Any CPU.Build.0 = Release|Any CPU
		{3A32B26E-0C25-479F-B16B-CEB235DA1797}.Debug|Any CPU.ActiveCfg = Debug|Any CPU
		{3A32B26E-0C25-479F-B16B-CEB235DA1797}.Debug|Any CPU.Build.0 = Debug|Any CPU
		{3A32B26E-0C25-479F-B16B-CEB235DA1797}.Release|Any CPU.ActiveCfg = Release|Any CPU
		{3A32B26E-0C25-479F-B16B-CEB235DA1797}.Release|Any CPU.Build.0 = Release|Any CPU
		{0BF4FD50-519C-43D0-B9BC-01B5EC656B69}.Debug|Any CPU.ActiveCfg = Debug|Any CPU
		{0BF4FD50-519C-43D0-B9BC-01B5EC656B69}.Debug|Any CPU.Build.0 = Debug|Any CPU
		{0BF4FD50-519C-43D0-B9BC-01B5EC656B69}.Release|Any CPU.ActiveCfg = Release|Any CPU
		{0BF4FD50-519C-43D0-B9BC-01B5EC656B69}.Release|Any CPU.Build.0 = Release|Any CPU
	EndGlobalSection
	GlobalSection(SolutionProperties) = preSolution
		HideSolutionNode = FALSE
	EndGlobalSection
	GlobalSection(ExtensibilityGlobals) = postSolution
		SolutionGuid = {E6370777-0246-4F37-BA6D-A2BB632F5FA7}
	EndGlobalSection
EndGlobal
